{
  "name": "tests",
  "version": "1.0.0",
  "lockfileVersion": 1,
  "requires": true,
  "dependencies": {
    "ecvlaurentpackage": {
      "version": "1.1.4",
      "resolved": "https://registry.npmjs.org/ecvlaurentpackage/-/ecvlaurentpackage-1.1.4.tgz",
      "integrity": "sha512-c1VPG1jmFAIJtWDq+wAe+ML7WMOHHcdFcoQTO1CXLBEJHCFmJbO1NyEat3bxzj35/CLovj305rUlURdVqwXKcg=="
    },
    "piflo-pack-test": {
      "version": "1.1.1",
      "resolved": "https://registry.npmjs.org/piflo-pack-test/-/piflo-pack-test-1.1.1.tgz",
      "integrity": "sha512-l8rScaBI/tQ0MaUerOl7pZV4D98KbfR9vTdGdPB9u/n4H6UXyF6uzc7UuX4cfWZqq2RuQVJMYxB8WgGLlT2bJg=="
    }
  }
}
